// !$*UTF8*$!
{
	archiveVersion = 1;
	classes = {
	};
	objectVersion = 46;
	objects = {

/* Begin PBXBuildFile section */
		323B753D2A8E04B303B962DA /* libPods-videoTests.a in Frameworks */ = {isa = PBXBuildFile; fileRef = 2D259A0E942D6EFCDD6A144D /* libPods-videoTests.a */; };
		822DC79E1F6FF7D600A0B21D /* main.m in Sources */ = {isa = PBXBuildFile; fileRef = 822DC79D1F6FF7D600A0B21D /* main.m */; };
		822DC7A11F6FF7D600A0B21D /* AppDelegate.m in Sources */ = {isa = PBXBuildFile; fileRef = 822DC7A01F6FF7D600A0B21D /* AppDelegate.m */; };
		822DC7A41F6FF7D600A0B21D /* ViewController.m in Sources */ = {isa = PBXBuildFile; fileRef = 822DC7A31F6FF7D600A0B21D /* ViewController.m */; };
		822DC7A71F6FF7D600A0B21D /* Main.storyboard in Resources */ = {isa = PBXBuildFile; fileRef = 822DC7A51F6FF7D600A0B21D /* Main.storyboard */; };
		822DC7A91F6FF7D600A0B21D /* Assets.xcassets in Resources */ = {isa = PBXBuildFile; fileRef = 822DC7A81F6FF7D600A0B21D /* Assets.xcassets */; };
		822DC7AC1F6FF7D600A0B21D /* LaunchScreen.storyboard in Resources */ = {isa = PBXBuildFile; fileRef = 822DC7AA1F6FF7D600A0B21D /* LaunchScreen.storyboard */; };
		822DC7B71F6FF7D600A0B21D /* videoTests.m in Sources */ = {isa = PBXBuildFile; fileRef = 822DC7B61F6FF7D600A0B21D /* videoTests.m */; };
		822DC7C21F6FF7D600A0B21D /* videoUITests.m in Sources */ = {isa = PBXBuildFile; fileRef = 822DC7C11F6FF7D600A0B21D /* videoUITests.m */; };
		827241A31F7CDDD700906B9F /* IMG_0103.MOV in Resources */ = {isa = PBXBuildFile; fileRef = 827241A21F7CDDD100906B9F /* IMG_0103.MOV */; };
		829A61861F76CAEC009DA59A /* VTWaterMarkView.m in Sources */ = {isa = PBXBuildFile; fileRef = 829A61851F76CAEC009DA59A /* VTWaterMarkView.m */; };
		829A61871F76CAEC009DA59A /* VTWaterMarkView.m in Sources */ = {isa = PBXBuildFile; fileRef = 829A61851F76CAEC009DA59A /* VTWaterMarkView.m */; };
		829A61881F76CAEC009DA59A /* VTWaterMarkView.m in Sources */ = {isa = PBXBuildFile; fileRef = 829A61851F76CAEC009DA59A /* VTWaterMarkView.m */; };
		82B7106D1F72346D00CB3D78 /* imagePickerLayout.m in Sources */ = {isa = PBXBuildFile; fileRef = 82B7106C1F72346D00CB3D78 /* imagePickerLayout.m */; };
		82B7106E1F72346D00CB3D78 /* imagePickerLayout.m in Sources */ = {isa = PBXBuildFile; fileRef = 82B7106C1F72346D00CB3D78 /* imagePickerLayout.m */; };
		82B7106F1F72346D00CB3D78 /* imagePickerLayout.m in Sources */ = {isa = PBXBuildFile; fileRef = 82B7106C1F72346D00CB3D78 /* imagePickerLayout.m */; };
		82B710971F74B08300CB3D78 /* VTFileManager.m in Sources */ = {isa = PBXBuildFile; fileRef = 82B710941F74B08300CB3D78 /* VTFileManager.m */; };
		82B710981F74B08300CB3D78 /* VTFileManager.m in Sources */ = {isa = PBXBuildFile; fileRef = 82B710941F74B08300CB3D78 /* VTFileManager.m */; };
		82B710991F74B08300CB3D78 /* VTFileManager.m in Sources */ = {isa = PBXBuildFile; fileRef = 82B710941F74B08300CB3D78 /* VTFileManager.m */; };
		82B7109A1F74B08300CB3D78 /* VTFileManager+FileName.m in Sources */ = {isa = PBXBuildFile; fileRef = 82B710961F74B08300CB3D78 /* VTFileManager+FileName.m */; };
		82B7109B1F74B08300CB3D78 /* VTFileManager+FileName.m in Sources */ = {isa = PBXBuildFile; fileRef = 82B710961F74B08300CB3D78 /* VTFileManager+FileName.m */; };
		82B7109C1F74B08300CB3D78 /* VTFileManager+FileName.m in Sources */ = {isa = PBXBuildFile; fileRef = 82B710961F74B08300CB3D78 /* VTFileManager+FileName.m */; };
		82B7112A1F74BA1A00CB3D78 /* UIImage+ColorImage.m in Sources */ = {isa = PBXBuildFile; fileRef = 82B710D01F74BA1A00CB3D78 /* UIImage+ColorImage.m */; };
		82B7112B1F74BA1A00CB3D78 /* UIImage+ColorImage.m in Sources */ = {isa = PBXBuildFile; fileRef = 82B710D01F74BA1A00CB3D78 /* UIImage+ColorImage.m */; };
		82B7112C1F74BA1A00CB3D78 /* UIImage+ColorImage.m in Sources */ = {isa = PBXBuildFile; fileRef = 82B710D01F74BA1A00CB3D78 /* UIImage+ColorImage.m */; };
		82B7112D1F74BA1A00CB3D78 /* UIImage+Enhancement.m in Sources */ = {isa = PBXBuildFile; fileRef = 82B710D21F74BA1A00CB3D78 /* UIImage+Enhancement.m */; };
		82B7112E1F74BA1A00CB3D78 /* UIImage+Enhancement.m in Sources */ = {isa = PBXBuildFile; fileRef = 82B710D21F74BA1A00CB3D78 /* UIImage+Enhancement.m */; };
		82B7112F1F74BA1A00CB3D78 /* UIImage+Enhancement.m in Sources */ = {isa = PBXBuildFile; fileRef = 82B710D21F74BA1A00CB3D78 /* UIImage+Enhancement.m */; };
		82B711301F74BA1A00CB3D78 /* UIImage+Resized.m in Sources */ = {isa = PBXBuildFile; fileRef = 82B710D41F74BA1A00CB3D78 /* UIImage+Resized.m */; };
		82B711311F74BA1A00CB3D78 /* UIImage+Resized.m in Sources */ = {isa = PBXBuildFile; fileRef = 82B710D41F74BA1A00CB3D78 /* UIImage+Resized.m */; };
		82B711321F74BA1A00CB3D78 /* UIImage+Resized.m in Sources */ = {isa = PBXBuildFile; fileRef = 82B710D41F74BA1A00CB3D78 /* UIImage+Resized.m */; };
		82B711331F74BA1A00CB3D78 /* UIImage+Tone.m in Sources */ = {isa = PBXBuildFile; fileRef = 82B710D61F74BA1A00CB3D78 /* UIImage+Tone.m */; };
		82B711341F74BA1A00CB3D78 /* UIImage+Tone.m in Sources */ = {isa = PBXBuildFile; fileRef = 82B710D61F74BA1A00CB3D78 /* UIImage+Tone.m */; };
		82B711351F74BA1A00CB3D78 /* UIImage+Tone.m in Sources */ = {isa = PBXBuildFile; fileRef = 82B710D61F74BA1A00CB3D78 /* UIImage+Tone.m */; };
		82B711361F74BA1A00CB3D78 /* UIImage+VideoImage.m in Sources */ = {isa = PBXBuildFile; fileRef = 82B710D81F74BA1A00CB3D78 /* UIImage+VideoImage.m */; };
		82B711371F74BA1A00CB3D78 /* UIImage+VideoImage.m in Sources */ = {isa = PBXBuildFile; fileRef = 82B710D81F74BA1A00CB3D78 /* UIImage+VideoImage.m */; };
		82B711381F74BA1A00CB3D78 /* UIImage+VideoImage.m in Sources */ = {isa = PBXBuildFile; fileRef = 82B710D81F74BA1A00CB3D78 /* UIImage+VideoImage.m */; };
		82B7115A1F74C24B00CB3D78 /* testVideo.mp4 in Resources */ = {isa = PBXBuildFile; fileRef = 82B711591F74C24B00CB3D78 /* testVideo.mp4 */; };
		82B711651F74F5BC00CB3D78 /* VTTailView.m in Sources */ = {isa = PBXBuildFile; fileRef = 82B711641F74F5BC00CB3D78 /* VTTailView.m */; };
		82B711661F74F5BC00CB3D78 /* VTTailView.m in Sources */ = {isa = PBXBuildFile; fileRef = 82B711641F74F5BC00CB3D78 /* VTTailView.m */; };
		82B711671F74F5BC00CB3D78 /* VTTailView.m in Sources */ = {isa = PBXBuildFile; fileRef = 82B711641F74F5BC00CB3D78 /* VTTailView.m */; };
		82B7116A1F75081000CB3D78 /* VTTailWaterMarkView.m in Sources */ = {isa = PBXBuildFile; fileRef = 82B711691F75081000CB3D78 /* VTTailWaterMarkView.m */; };
		82B7116B1F75081000CB3D78 /* VTTailWaterMarkView.m in Sources */ = {isa = PBXBuildFile; fileRef = 82B711691F75081000CB3D78 /* VTTailWaterMarkView.m */; };
		82B7116C1F75081000CB3D78 /* VTTailWaterMarkView.m in Sources */ = {isa = PBXBuildFile; fileRef = 82B711691F75081000CB3D78 /* VTTailWaterMarkView.m */; };
		82BF09891F701F5C00592E22 /* myImagePickerViewController.m in Sources */ = {isa = PBXBuildFile; fileRef = 82BF09881F701F5C00592E22 /* myImagePickerViewController.m */; };
		82BF098A1F701F5C00592E22 /* myImagePickerViewController.m in Sources */ = {isa = PBXBuildFile; fileRef = 82BF09881F701F5C00592E22 /* myImagePickerViewController.m */; };
		82BF098B1F701F5C00592E22 /* myImagePickerViewController.m in Sources */ = {isa = PBXBuildFile; fileRef = 82BF09881F701F5C00592E22 /* myImagePickerViewController.m */; };
		82BF09901F71789F00592E22 /* imageCell.m in Sources */ = {isa = PBXBuildFile; fileRef = 82BF098F1F71789F00592E22 /* imageCell.m */; };
		82BF09911F71789F00592E22 /* imageCell.m in Sources */ = {isa = PBXBuildFile; fileRef = 82BF098F1F71789F00592E22 /* imageCell.m */; };
		82BF09921F71789F00592E22 /* imageCell.m in Sources */ = {isa = PBXBuildFile; fileRef = 82BF098F1F71789F00592E22 /* imageCell.m */; };
		82BF09A01F72BE7700592E22 /* RecordVideoController.m in Sources */ = {isa = PBXBuildFile; fileRef = 82BF099F1F72BE7700592E22 /* RecordVideoController.m */; };
		82BF09A11F72BE7700592E22 /* RecordVideoController.m in Sources */ = {isa = PBXBuildFile; fileRef = 82BF099F1F72BE7700592E22 /* RecordVideoController.m */; };
		82BF09A21F72BE7700592E22 /* RecordVideoController.m in Sources */ = {isa = PBXBuildFile; fileRef = 82BF099F1F72BE7700592E22 /* RecordVideoController.m */; };
		82C0CBCF1F74231F00E55584 /* VideoFilterController.m in Sources */ = {isa = PBXBuildFile; fileRef = 82C0CBC91F74231F00E55584 /* VideoFilterController.m */; };
		82C0CBD01F74231F00E55584 /* VideoFilterController.m in Sources */ = {isa = PBXBuildFile; fileRef = 82C0CBC91F74231F00E55584 /* VideoFilterController.m */; };
		82C0CBD11F74231F00E55584 /* VideoFilterController.m in Sources */ = {isa = PBXBuildFile; fileRef = 82C0CBC91F74231F00E55584 /* VideoFilterController.m */; };
		82C0CBD21F74231F00E55584 /* HandlerVideo.m in Sources */ = {isa = PBXBuildFile; fileRef = 82C0CBCE1F74231F00E55584 /* HandlerVideo.m */; };
		82C0CBD31F74231F00E55584 /* HandlerVideo.m in Sources */ = {isa = PBXBuildFile; fileRef = 82C0CBCE1F74231F00E55584 /* HandlerVideo.m */; };
		82C0CBD41F74231F00E55584 /* HandlerVideo.m in Sources */ = {isa = PBXBuildFile; fileRef = 82C0CBCE1F74231F00E55584 /* HandlerVideo.m */; };
		82E095C71F752DE700A04215 /* testVideo1.mp4 in Resources */ = {isa = PBXBuildFile; fileRef = 82E095C61F752DE700A04215 /* testVideo1.mp4 */; };
		C390F7318AF288629A54F50A /* libPods-video.a in Frameworks */ = {isa = PBXBuildFile; fileRef = 2753B5772D5BBAE5F50FD087 /* libPods-video.a */; };
		D4CFAD8E009252C823F4D5A1 /* libPods-videoUITests.a in Frameworks */ = {isa = PBXBuildFile; fileRef = FDFE450439486415631CF32E /* libPods-videoUITests.a */; };
/* End PBXBuildFile section */

/* Begin PBXContainerItemProxy section */
		822DC7B31F6FF7D600A0B21D /* PBXContainerItemProxy */ = {
			isa = PBXContainerItemProxy;
			containerPortal = 822DC7911F6FF7D600A0B21D /* Project object */;
			proxyType = 1;
			remoteGlobalIDString = 822DC7981F6FF7D600A0B21D;
			remoteInfo = video;
		};
		822DC7BE1F6FF7D600A0B21D /* PBXContainerItemProxy */ = {
			isa = PBXContainerItemProxy;
			containerPortal = 822DC7911F6FF7D600A0B21D /* Project object */;
			proxyType = 1;
			remoteGlobalIDString = 822DC7981F6FF7D600A0B21D;
			remoteInfo = video;
		};
/* End PBXContainerItemProxy section */

/* Begin PBXFileReference section */
		162CD20DED4922A339B5FD21 /* Pods-videoUITests.release.xcconfig */ = {isa = PBXFileReference; includeInIndex = 1; lastKnownFileType = text.xcconfig; name = "Pods-videoUITests.release.xcconfig"; path = "Pods/Target Support Files/Pods-videoUITests/Pods-videoUITests.release.xcconfig"; sourceTree = "<group>"; };
		2753B5772D5BBAE5F50FD087 /* libPods-video.a */ = {isa = PBXFileReference; explicitFileType = archive.ar; includeInIndex = 0; path = "libPods-video.a"; sourceTree = BUILT_PRODUCTS_DIR; };
		2D259A0E942D6EFCDD6A144D /* libPods-videoTests.a */ = {isa = PBXFileReference; explicitFileType = archive.ar; includeInIndex = 0; path = "libPods-videoTests.a"; sourceTree = BUILT_PRODUCTS_DIR; };
		4B8C65EE3A7F57EF30CA5544 /* Pods-video.release.xcconfig */ = {isa = PBXFileReference; includeInIndex = 1; lastKnownFileType = text.xcconfig; name = "Pods-video.release.xcconfig"; path = "Pods/Target Support Files/Pods-video/Pods-video.release.xcconfig"; sourceTree = "<group>"; };
		5799B281BA2F550CEF8CC738 /* Pods-videoTests.release.xcconfig */ = {isa = PBXFileReference; includeInIndex = 1; lastKnownFileType = text.xcconfig; name = "Pods-videoTests.release.xcconfig"; path = "Pods/Target Support Files/Pods-videoTests/Pods-videoTests.release.xcconfig"; sourceTree = "<group>"; };
		664CB01A3C0DCF6346B1CAAD /* Pods-videoTests.debug.xcconfig */ = {isa = PBXFileReference; includeInIndex = 1; lastKnownFileType = text.xcconfig; name = "Pods-videoTests.debug.xcconfig"; path = "Pods/Target Support Files/Pods-videoTests/Pods-videoTests.debug.xcconfig"; sourceTree = "<group>"; };
		766EDB7004CCE4589B4F8D9B /* Pods-video.debug.xcconfig */ = {isa = PBXFileReference; includeInIndex = 1; lastKnownFileType = text.xcconfig; name = "Pods-video.debug.xcconfig"; path = "Pods/Target Support Files/Pods-video/Pods-video.debug.xcconfig"; sourceTree = "<group>"; };
		822DC7991F6FF7D600A0B21D /* video.app */ = {isa = PBXFileReference; explicitFileType = wrapper.application; includeInIndex = 0; path = video.app; sourceTree = BUILT_PRODUCTS_DIR; };
		822DC79D1F6FF7D600A0B21D /* main.m */ = {isa = PBXFileReference; lastKnownFileType = sourcecode.c.objc; path = main.m; sourceTree = "<group>"; };
		822DC79F1F6FF7D600A0B21D /* AppDelegate.h */ = {isa = PBXFileReference; lastKnownFileType = sourcecode.c.h; path = AppDelegate.h; sourceTree = "<group>"; };
		822DC7A01F6FF7D600A0B21D /* AppDelegate.m */ = {isa = PBXFileReference; lastKnownFileType = sourcecode.c.objc; path = AppDelegate.m; sourceTree = "<group>"; };
		822DC7A21F6FF7D600A0B21D /* ViewController.h */ = {isa = PBXFileReference; lastKnownFileType = sourcecode.c.h; path = ViewController.h; sourceTree = "<group>"; };
		822DC7A31F6FF7D600A0B21D /* ViewController.m */ = {isa = PBXFileReference; lastKnownFileType = sourcecode.c.objc; path = ViewController.m; sourceTree = "<group>"; };
		822DC7A61F6FF7D600A0B21D /* Base */ = {isa = PBXFileReference; lastKnownFileType = file.storyboard; name = Base; path = Base.lproj/Main.storyboard; sourceTree = "<group>"; };
		822DC7A81F6FF7D600A0B21D /* Assets.xcassets */ = {isa = PBXFileReference; lastKnownFileType = folder.assetcatalog; path = Assets.xcassets; sourceTree = "<group>"; };
		822DC7AB1F6FF7D600A0B21D /* Base */ = {isa = PBXFileReference; lastKnownFileType = file.storyboard; name = Base; path = Base.lproj/LaunchScreen.storyboard; sourceTree = "<group>"; };
		822DC7AD1F6FF7D600A0B21D /* Info.plist */ = {isa = PBXFileReference; lastKnownFileType = text.plist.xml; path = Info.plist; sourceTree = "<group>"; };
		822DC7B21F6FF7D600A0B21D /* videoTests.xctest */ = {isa = PBXFileReference; explicitFileType = wrapper.cfbundle; includeInIndex = 0; path = videoTests.xctest; sourceTree = BUILT_PRODUCTS_DIR; };
		822DC7B61F6FF7D600A0B21D /* videoTests.m */ = {isa = PBXFileReference; lastKnownFileType = sourcecode.c.objc; path = videoTests.m; sourceTree = "<group>"; };
		822DC7B81F6FF7D600A0B21D /* Info.plist */ = {isa = PBXFileReference; lastKnownFileType = text.plist.xml; path = Info.plist; sourceTree = "<group>"; };
		822DC7BD1F6FF7D600A0B21D /* videoUITests.xctest */ = {isa = PBXFileReference; explicitFileType = wrapper.cfbundle; includeInIndex = 0; path = videoUITests.xctest; sourceTree = BUILT_PRODUCTS_DIR; };
		822DC7C11F6FF7D600A0B21D /* videoUITests.m */ = {isa = PBXFileReference; lastKnownFileType = sourcecode.c.objc; path = videoUITests.m; sourceTree = "<group>"; };
		822DC7C31F6FF7D600A0B21D /* Info.plist */ = {isa = PBXFileReference; lastKnownFileType = text.plist.xml; path = Info.plist; sourceTree = "<group>"; };
		827241A21F7CDDD100906B9F /* IMG_0103.MOV */ = {isa = PBXFileReference; lastKnownFileType = video.quicktime; path = IMG_0103.MOV; sourceTree = "<group>"; };
		829A61841F76CAEC009DA59A /* VTWaterMarkView.h */ = {isa = PBXFileReference; fileEncoding = 4; lastKnownFileType = sourcecode.c.h; path = VTWaterMarkView.h; sourceTree = "<group>"; };
		829A61851F76CAEC009DA59A /* VTWaterMarkView.m */ = {isa = PBXFileReference; fileEncoding = 4; lastKnownFileType = sourcecode.c.objc; path = VTWaterMarkView.m; sourceTree = "<group>"; };
		82B7106B1F72346D00CB3D78 /* imagePickerLayout.h */ = {isa = PBXFileReference; fileEncoding = 4; lastKnownFileType = sourcecode.c.h; path = imagePickerLayout.h; sourceTree = "<group>"; };
		82B7106C1F72346D00CB3D78 /* imagePickerLayout.m */ = {isa = PBXFileReference; fileEncoding = 4; lastKnownFileType = sourcecode.c.objc; path = imagePickerLayout.m; sourceTree = "<group>"; };
		82B710931F74B08300CB3D78 /* VTFileManager.h */ = {isa = PBXFileReference; fileEncoding = 4; lastKnownFileType = sourcecode.c.h; path = VTFileManager.h; sourceTree = "<group>"; };
		82B710941F74B08300CB3D78 /* VTFileManager.m */ = {isa = PBXFileReference; fileEncoding = 4; lastKnownFileType = sourcecode.c.objc; path = VTFileManager.m; sourceTree = "<group>"; };
		82B710951F74B08300CB3D78 /* VTFileManager+FileName.h */ = {isa = PBXFileReference; fileEncoding = 4; lastKnownFileType = sourcecode.c.h; path = "VTFileManager+FileName.h"; sourceTree = "<group>"; };
		82B710961F74B08300CB3D78 /* VTFileManager+FileName.m */ = {isa = PBXFileReference; fileEncoding = 4; lastKnownFileType = sourcecode.c.objc; path = "VTFileManager+FileName.m"; sourceTree = "<group>"; };
		82B710CF1F74BA1A00CB3D78 /* UIImage+ColorImage.h */ = {isa = PBXFileReference; fileEncoding = 4; lastKnownFileType = sourcecode.c.h; path = "UIImage+ColorImage.h"; sourceTree = "<group>"; };
		82B710D01F74BA1A00CB3D78 /* UIImage+ColorImage.m */ = {isa = PBXFileReference; fileEncoding = 4; lastKnownFileType = sourcecode.c.objc; path = "UIImage+ColorImage.m"; sourceTree = "<group>"; };
		82B710D11F74BA1A00CB3D78 /* UIImage+Enhancement.h */ = {isa = PBXFileReference; fileEncoding = 4; lastKnownFileType = sourcecode.c.h; path = "UIImage+Enhancement.h"; sourceTree = "<group>"; };
		82B710D21F74BA1A00CB3D78 /* UIImage+Enhancement.m */ = {isa = PBXFileReference; fileEncoding = 4; lastKnownFileType = sourcecode.c.objc; path = "UIImage+Enhancement.m"; sourceTree = "<group>"; };
		82B710D31F74BA1A00CB3D78 /* UIImage+Resized.h */ = {isa = PBXFileReference; fileEncoding = 4; lastKnownFileType = sourcecode.c.h; path = "UIImage+Resized.h"; sourceTree = "<group>"; };
		82B710D41F74BA1A00CB3D78 /* UIImage+Resized.m */ = {isa = PBXFileReference; fileEncoding = 4; lastKnownFileType = sourcecode.c.objc; path = "UIImage+Resized.m"; sourceTree = "<group>"; };
		82B710D51F74BA1A00CB3D78 /* UIImage+Tone.h */ = {isa = PBXFileReference; fileEncoding = 4; lastKnownFileType = sourcecode.c.h; path = "UIImage+Tone.h"; sourceTree = "<group>"; };
		82B710D61F74BA1A00CB3D78 /* UIImage+Tone.m */ = {isa = PBXFileReference; fileEncoding = 4; lastKnownFileType = sourcecode.c.objc; path = "UIImage+Tone.m"; sourceTree = "<group>"; };
		82B710D71F74BA1A00CB3D78 /* UIImage+VideoImage.h */ = {isa = PBXFileReference; fileEncoding = 4; lastKnownFileType = sourcecode.c.h; path = "UIImage+VideoImage.h"; sourceTree = "<group>"; };
		82B710D81F74BA1A00CB3D78 /* UIImage+VideoImage.m */ = {isa = PBXFileReference; fileEncoding = 4; lastKnownFileType = sourcecode.c.objc; path = "UIImage+VideoImage.m"; sourceTree = "<group>"; };
		82B711591F74C24B00CB3D78 /* testVideo.mp4 */ = {isa = PBXFileReference; lastKnownFileType = file; path = testVideo.mp4; sourceTree = "<group>"; };
		82B711631F74F5BC00CB3D78 /* VTTailView.h */ = {isa = PBXFileReference; fileEncoding = 4; lastKnownFileType = sourcecode.c.h; path = VTTailView.h; sourceTree = "<group>"; };
		82B711641F74F5BC00CB3D78 /* VTTailView.m */ = {isa = PBXFileReference; fileEncoding = 4; lastKnownFileType = sourcecode.c.objc; path = VTTailView.m; sourceTree = "<group>"; };
		82B711681F75081000CB3D78 /* VTTailWaterMarkView.h */ = {isa = PBXFileReference; fileEncoding = 4; lastKnownFileType = sourcecode.c.h; path = VTTailWaterMarkView.h; sourceTree = "<group>"; };
		82B711691F75081000CB3D78 /* VTTailWaterMarkView.m */ = {isa = PBXFileReference; fileEncoding = 4; lastKnownFileType = sourcecode.c.objc; path = VTTailWaterMarkView.m; sourceTree = "<group>"; };
		82BF09871F701F5C00592E22 /* myImagePickerViewController.h */ = {isa = PBXFileReference; fileEncoding = 4; lastKnownFileType = sourcecode.c.h; path = myImagePickerViewController.h; sourceTree = "<group>"; };
		82BF09881F701F5C00592E22 /* myImagePickerViewController.m */ = {isa = PBXFileReference; fileEncoding = 4; lastKnownFileType = sourcecode.c.objc; path = myImagePickerViewController.m; sourceTree = "<group>"; };
		82BF098E1F71789F00592E22 /* imageCell.h */ = {isa = PBXFileReference; fileEncoding = 4; lastKnownFileType = sourcecode.c.h; path = imageCell.h; sourceTree = "<group>"; };
		82BF098F1F71789F00592E22 /* imageCell.m */ = {isa = PBXFileReference; fileEncoding = 4; lastKnownFileType = sourcecode.c.objc; path = imageCell.m; sourceTree = "<group>"; };
		82BF099E1F72BE7700592E22 /* RecordVideoController.h */ = {isa = PBXFileReference; fileEncoding = 4; lastKnownFileType = sourcecode.c.h; path = RecordVideoController.h; sourceTree = "<group>"; };
		82BF099F1F72BE7700592E22 /* RecordVideoController.m */ = {isa = PBXFileReference; fileEncoding = 4; lastKnownFileType = sourcecode.c.objc; path = RecordVideoController.m; sourceTree = "<group>"; };
		82C0CBC81F74231F00E55584 /* VideoFilterController.h */ = {isa = PBXFileReference; fileEncoding = 4; lastKnownFileType = sourcecode.c.h; path = VideoFilterController.h; sourceTree = "<group>"; };
		82C0CBC91F74231F00E55584 /* VideoFilterController.m */ = {isa = PBXFileReference; fileEncoding = 4; lastKnownFileType = sourcecode.c.objc; path = VideoFilterController.m; sourceTree = "<group>"; };
		82C0CBCD1F74231F00E55584 /* HandlerVideo.h */ = {isa = PBXFileReference; fileEncoding = 4; lastKnownFileType = sourcecode.c.h; path = HandlerVideo.h; sourceTree = "<group>"; };
		82C0CBCE1F74231F00E55584 /* HandlerVideo.m */ = {isa = PBXFileReference; fileEncoding = 4; lastKnownFileType = sourcecode.c.objc; path = HandlerVideo.m; sourceTree = "<group>"; };
		82E095C61F752DE700A04215 /* testVideo1.mp4 */ = {isa = PBXFileReference; lastKnownFileType = file; path = testVideo1.mp4; sourceTree = "<group>"; };
		9BE15468D3329503C2B87BD0 /* Pods-videoUITests.debug.xcconfig */ = {isa = PBXFileReference; includeInIndex = 1; lastKnownFileType = text.xcconfig; name = "Pods-videoUITests.debug.xcconfig"; path = "Pods/Target Support Files/Pods-videoUITests/Pods-videoUITests.debug.xcconfig"; sourceTree = "<group>"; };
		FDFE450439486415631CF32E /* libPods-videoUITests.a */ = {isa = PBXFileReference; explicitFileType = archive.ar; includeInIndex = 0; path = "libPods-videoUITests.a"; sourceTree = BUILT_PRODUCTS_DIR; };
/* End PBXFileReference section */

/* Begin PBXFrameworksBuildPhase section */
		822DC7961F6FF7D600A0B21D /* Frameworks */ = {
			isa = PBXFrameworksBuildPhase;
			buildActionMask = 2147483647;
			files = (
				C390F7318AF288629A54F50A /* libPods-video.a in Frameworks */,
			);
			runOnlyForDeploymentPostprocessing = 0;
		};
		822DC7AF1F6FF7D600A0B21D /* Frameworks */ = {
			isa = PBXFrameworksBuildPhase;
			buildActionMask = 2147483647;
			files = (
				323B753D2A8E04B303B962DA /* libPods-videoTests.a in Frameworks */,
			);
			runOnlyForDeploymentPostprocessing = 0;
		};
		822DC7BA1F6FF7D600A0B21D /* Frameworks */ = {
			isa = PBXFrameworksBuildPhase;
			buildActionMask = 2147483647;
			files = (
				D4CFAD8E009252C823F4D5A1 /* libPods-videoUITests.a in Frameworks */,
			);
			runOnlyForDeploymentPostprocessing = 0;
		};
/* End PBXFrameworksBuildPhase section */

/* Begin PBXGroup section */
		06AF34E2E35245DF45CEF3B0 /* Pods */ = {
			isa = PBXGroup;
			children = (
				766EDB7004CCE4589B4F8D9B /* Pods-video.debug.xcconfig */,
				4B8C65EE3A7F57EF30CA5544 /* Pods-video.release.xcconfig */,
				664CB01A3C0DCF6346B1CAAD /* Pods-videoTests.debug.xcconfig */,
				5799B281BA2F550CEF8CC738 /* Pods-videoTests.release.xcconfig */,
				9BE15468D3329503C2B87BD0 /* Pods-videoUITests.debug.xcconfig */,
				162CD20DED4922A339B5FD21 /* Pods-videoUITests.release.xcconfig */,
			);
			name = Pods;
			sourceTree = "<group>";
		};
		6DFD6D898D93D5B1AAE26DCD /* Frameworks */ = {
			isa = PBXGroup;
			children = (
				2753B5772D5BBAE5F50FD087 /* libPods-video.a */,
				2D259A0E942D6EFCDD6A144D /* libPods-videoTests.a */,
				FDFE450439486415631CF32E /* libPods-videoUITests.a */,
			);
			name = Frameworks;
			sourceTree = "<group>";
		};
		822DC7901F6FF7D600A0B21D = {
			isa = PBXGroup;
			children = (
				822DC79B1F6FF7D600A0B21D /* video */,
				822DC7B51F6FF7D600A0B21D /* videoTests */,
				822DC7C01F6FF7D600A0B21D /* videoUITests */,
				822DC79A1F6FF7D600A0B21D /* Products */,
				06AF34E2E35245DF45CEF3B0 /* Pods */,
				6DFD6D898D93D5B1AAE26DCD /* Frameworks */,
			);
			sourceTree = "<group>";
		};
		822DC79A1F6FF7D600A0B21D /* Products */ = {
			isa = PBXGroup;
			children = (
				822DC7991F6FF7D600A0B21D /* video.app */,
				822DC7B21F6FF7D600A0B21D /* videoTests.xctest */,
				822DC7BD1F6FF7D600A0B21D /* videoUITests.xctest */,
			);
			name = Products;
			sourceTree = "<group>";
		};
		822DC79B1F6FF7D600A0B21D /* video */ = {
			isa = PBXGroup;
			children = (
				827241A21F7CDDD100906B9F /* IMG_0103.MOV */,
				82B711591F74C24B00CB3D78 /* testVideo.mp4 */,
				82E095C61F752DE700A04215 /* testVideo1.mp4 */,
				82B7109F1F74BA1900CB3D78 /* Category */,
				82C0CBC61F74231F00E55584 /* VideoFilter */,
				82BF09951F72BB7200592E22 /* RecordVideo */,
				82BF09801F701EEC00592E22 /* myImagePicker */,
				822DC79F1F6FF7D600A0B21D /* AppDelegate.h */,
				822DC7A01F6FF7D600A0B21D /* AppDelegate.m */,
				822DC7A21F6FF7D600A0B21D /* ViewController.h */,
				822DC7A31F6FF7D600A0B21D /* ViewController.m */,
				822DC7A51F6FF7D600A0B21D /* Main.storyboard */,
				822DC7A81F6FF7D600A0B21D /* Assets.xcassets */,
				822DC7AA1F6FF7D600A0B21D /* LaunchScreen.storyboard */,
				822DC7AD1F6FF7D600A0B21D /* Info.plist */,
				822DC79C1F6FF7D600A0B21D /* Supporting Files */,
			);
			path = video;
			sourceTree = "<group>";
		};
		822DC79C1F6FF7D600A0B21D /* Supporting Files */ = {
			isa = PBXGroup;
			children = (
				822DC79D1F6FF7D600A0B21D /* main.m */,
			);
			name = "Supporting Files";
			sourceTree = "<group>";
		};
		822DC7B51F6FF7D600A0B21D /* videoTests */ = {
			isa = PBXGroup;
			children = (
				822DC7B61F6FF7D600A0B21D /* videoTests.m */,
				822DC7B81F6FF7D600A0B21D /* Info.plist */,
			);
			path = videoTests;
			sourceTree = "<group>";
		};
		822DC7C01F6FF7D600A0B21D /* videoUITests */ = {
			isa = PBXGroup;
			children = (
				822DC7C11F6FF7D600A0B21D /* videoUITests.m */,
				822DC7C31F6FF7D600A0B21D /* Info.plist */,
			);
			path = videoUITests;
			sourceTree = "<group>";
		};
		82B710921F74B06D00CB3D78 /* File */ = {
			isa = PBXGroup;
			children = (
				82B710931F74B08300CB3D78 /* VTFileManager.h */,
				82B710941F74B08300CB3D78 /* VTFileManager.m */,
				82B710951F74B08300CB3D78 /* VTFileManager+FileName.h */,
				82B710961F74B08300CB3D78 /* VTFileManager+FileName.m */,
			);
			name = File;
			path = ..;
			sourceTree = "<group>";
		};
		82B7109F1F74BA1900CB3D78 /* Category */ = {
			isa = PBXGroup;
			children = (
				82B710921F74B06D00CB3D78 /* File */,
				82B710CE1F74BA1A00CB3D78 /* UIImageCategory */,
			);
			path = Category;
			sourceTree = "<group>";
		};
		82B710CE1F74BA1A00CB3D78 /* UIImageCategory */ = {
			isa = PBXGroup;
			children = (
				82B710CF1F74BA1A00CB3D78 /* UIImage+ColorImage.h */,
				82B710D01F74BA1A00CB3D78 /* UIImage+ColorImage.m */,
				82B710D11F74BA1A00CB3D78 /* UIImage+Enhancement.h */,
				82B710D21F74BA1A00CB3D78 /* UIImage+Enhancement.m */,
				82B710D31F74BA1A00CB3D78 /* UIImage+Resized.h */,
				82B710D41F74BA1A00CB3D78 /* UIImage+Resized.m */,
				82B710D51F74BA1A00CB3D78 /* UIImage+Tone.h */,
				82B710D61F74BA1A00CB3D78 /* UIImage+Tone.m */,
				82B710D71F74BA1A00CB3D78 /* UIImage+VideoImage.h */,
				82B710D81F74BA1A00CB3D78 /* UIImage+VideoImage.m */,
			);
			path = UIImageCategory;
			sourceTree = "<group>";
		};
		82BF09801F701EEC00592E22 /* myImagePicker */ = {
			isa = PBXGroup;
			children = (
				82BF09811F701EEC00592E22 /* Controller */,
				82BF09821F701EEC00592E22 /* Model */,
				82BF09831F701EEC00592E22 /* Store */,
				82BF09841F701EEC00592E22 /* View */,
			);
			path = myImagePicker;
			sourceTree = "<group>";
		};
		82BF09811F701EEC00592E22 /* Controller */ = {
			isa = PBXGroup;
			children = (
				82BF09871F701F5C00592E22 /* myImagePickerViewController.h */,
				82BF09881F701F5C00592E22 /* myImagePickerViewController.m */,
			);
			path = Controller;
			sourceTree = "<group>";
		};
		82BF09821F701EEC00592E22 /* Model */ = {
			isa = PBXGroup;
			children = (
			);
			path = Model;
			sourceTree = "<group>";
		};
		82BF09831F701EEC00592E22 /* Store */ = {
			isa = PBXGroup;
			children = (
			);
			path = Store;
			sourceTree = "<group>";
		};
		82BF09841F701EEC00592E22 /* View */ = {
			isa = PBXGroup;
			children = (
				82BF098E1F71789F00592E22 /* imageCell.h */,
				82BF098F1F71789F00592E22 /* imageCell.m */,
				82B7106B1F72346D00CB3D78 /* imagePickerLayout.h */,
				82B7106C1F72346D00CB3D78 /* imagePickerLayout.m */,
			);
			path = View;
			sourceTree = "<group>";
		};
		82BF09951F72BB7200592E22 /* RecordVideo */ = {
			isa = PBXGroup;
			children = (
				82BF09961F72BB7200592E22 /* Controller */,
				82BF09971F72BB7200592E22 /* Model */,
				82BF09981F72BB7200592E22 /* Store */,
				82BF09991F72BB7200592E22 /* View */,
			);
			path = RecordVideo;
			sourceTree = "<group>";
		};
		82BF09961F72BB7200592E22 /* Controller */ = {
			isa = PBXGroup;
			children = (
				82BF099E1F72BE7700592E22 /* RecordVideoController.h */,
				82BF099F1F72BE7700592E22 /* RecordVideoController.m */,
			);
			path = Controller;
			sourceTree = "<group>";
		};
		82BF09971F72BB7200592E22 /* Model */ = {
			isa = PBXGroup;
			children = (
			);
			path = Model;
			sourceTree = "<group>";
		};
		82BF09981F72BB7200592E22 /* Store */ = {
			isa = PBXGroup;
			children = (
			);
			path = Store;
			sourceTree = "<group>";
		};
		82BF09991F72BB7200592E22 /* View */ = {
			isa = PBXGroup;
			children = (
			);
			path = View;
			sourceTree = "<group>";
		};
		82C0CBC61F74231F00E55584 /* VideoFilter */ = {
			isa = PBXGroup;
			children = (
				82C0CBC71F74231F00E55584 /* Controller */,
				82C0CBCA1F74231F00E55584 /* Model */,
				82C0CBCB1F74231F00E55584 /* Store */,
				82C0CBCC1F74231F00E55584 /* View */,
			);
			path = VideoFilter;
			sourceTree = "<group>";
		};
		82C0CBC71F74231F00E55584 /* Controller */ = {
			isa = PBXGroup;
			children = (
				82C0CBC81F74231F00E55584 /* VideoFilterController.h */,
				82C0CBC91F74231F00E55584 /* VideoFilterController.m */,
			);
			path = Controller;
			sourceTree = "<group>";
		};
		82C0CBCA1F74231F00E55584 /* Model */ = {
			isa = PBXGroup;
			children = (
			);
			path = Model;
			sourceTree = "<group>";
		};
		82C0CBCB1F74231F00E55584 /* Store */ = {
			isa = PBXGroup;
			children = (
			);
			path = Store;
			sourceTree = "<group>";
		};
		82C0CBCC1F74231F00E55584 /* View */ = {
			isa = PBXGroup;
			children = (
				829A61841F76CAEC009DA59A /* VTWaterMarkView.h */,
				829A61851F76CAEC009DA59A /* VTWaterMarkView.m */,
				82B711631F74F5BC00CB3D78 /* VTTailView.h */,
				82B711641F74F5BC00CB3D78 /* VTTailView.m */,
				82B711681F75081000CB3D78 /* VTTailWaterMarkView.h */,
				82B711691F75081000CB3D78 /* VTTailWaterMarkView.m */,
				82C0CBCD1F74231F00E55584 /* HandlerVideo.h */,
				82C0CBCE1F74231F00E55584 /* HandlerVideo.m */,
			);
			path = View;
			sourceTree = "<group>";
		};
/* End PBXGroup section */

/* Begin PBXNativeTarget section */
		822DC7981F6FF7D600A0B21D /* video */ = {
			isa = PBXNativeTarget;
			buildConfigurationList = 822DC7C61F6FF7D600A0B21D /* Build configuration list for PBXNativeTarget "video" */;
			buildPhases = (
				E3C565DFD83BC73C2111B3A6 /* [CP] Check Pods Manifest.lock */,
				822DC7951F6FF7D600A0B21D /* Sources */,
				822DC7961F6FF7D600A0B21D /* Frameworks */,
				822DC7971F6FF7D600A0B21D /* Resources */,
				6C4C9FFA963537CC9F78C03E /* [CP] Embed Pods Frameworks */,
				A578B61A1D2517CF49B80AD9 /* [CP] Copy Pods Resources */,
			);
			buildRules = (
			);
			dependencies = (
			);
			name = video;
			productName = video;
			productReference = 822DC7991F6FF7D600A0B21D /* video.app */;
			productType = "com.apple.product-type.application";
		};
		822DC7B11F6FF7D600A0B21D /* videoTests */ = {
			isa = PBXNativeTarget;
			buildConfigurationList = 822DC7C91F6FF7D600A0B21D /* Build configuration list for PBXNativeTarget "videoTests" */;
			buildPhases = (
				4188F75BC52F15D266ECF51D /* [CP] Check Pods Manifest.lock */,
				822DC7AE1F6FF7D600A0B21D /* Sources */,
				822DC7AF1F6FF7D600A0B21D /* Frameworks */,
				822DC7B01F6FF7D600A0B21D /* Resources */,
				8EDE44E785E6F664F6A43932 /* [CP] Embed Pods Frameworks */,
				AE9E4028D330F40747C7A780 /* [CP] Copy Pods Resources */,
			);
			buildRules = (
			);
			dependencies = (
				822DC7B41F6FF7D600A0B21D /* PBXTargetDependency */,
			);
			name = videoTests;
			productName = videoTests;
			productReference = 822DC7B21F6FF7D600A0B21D /* videoTests.xctest */;
			productType = "com.apple.product-type.bundle.unit-test";
		};
		822DC7BC1F6FF7D600A0B21D /* videoUITests */ = {
			isa = PBXNativeTarget;
			buildConfigurationList = 822DC7CC1F6FF7D600A0B21D /* Build configuration list for PBXNativeTarget "videoUITests" */;
			buildPhases = (
				13BCD339BD450270C3303D8E /* [CP] Check Pods Manifest.lock */,
				822DC7B91F6FF7D600A0B21D /* Sources */,
				822DC7BA1F6FF7D600A0B21D /* Frameworks */,
				822DC7BB1F6FF7D600A0B21D /* Resources */,
				374CA943843FF1B3A418D92A /* [CP] Embed Pods Frameworks */,
				3761D2BA991A64770B340F56 /* [CP] Copy Pods Resources */,
			);
			buildRules = (
			);
			dependencies = (
				822DC7BF1F6FF7D600A0B21D /* PBXTargetDependency */,
			);
			name = videoUITests;
			productName = videoUITests;
			productReference = 822DC7BD1F6FF7D600A0B21D /* videoUITests.xctest */;
			productType = "com.apple.product-type.bundle.ui-testing";
		};
/* End PBXNativeTarget section */

/* Begin PBXProject section */
		822DC7911F6FF7D600A0B21D /* Project object */ = {
			isa = PBXProject;
			attributes = {
				LastUpgradeCheck = 0830;
				ORGANIZATIONNAME = "刘鑫忠";
				TargetAttributes = {
					822DC7981F6FF7D600A0B21D = {
						CreatedOnToolsVersion = 8.3.3;
						DevelopmentTeam = 9X5SZM9LV5;
						ProvisioningStyle = Automatic;
					};
					822DC7B11F6FF7D600A0B21D = {
						CreatedOnToolsVersion = 8.3.3;
						ProvisioningStyle = Automatic;
						TestTargetID = 822DC7981F6FF7D600A0B21D;
					};
					822DC7BC1F6FF7D600A0B21D = {
						CreatedOnToolsVersion = 8.3.3;
						ProvisioningStyle = Automatic;
						TestTargetID = 822DC7981F6FF7D600A0B21D;
					};
				};
			};
			buildConfigurationList = 822DC7941F6FF7D600A0B21D /* Build configuration list for PBXProject "video" */;
			compatibilityVersion = "Xcode 3.2";
			developmentRegion = English;
			hasScannedForEncodings = 0;
			knownRegions = (
				en,
				Base,
			);
			mainGroup = 822DC7901F6FF7D600A0B21D;
			productRefGroup = 822DC79A1F6FF7D600A0B21D /* Products */;
			projectDirPath = "";
			projectRoot = "";
			targets = (
				822DC7981F6FF7D600A0B21D /* video */,
				822DC7B11F6FF7D600A0B21D /* videoTests */,
				822DC7BC1F6FF7D600A0B21D /* videoUITests */,
			);
		};
/* End PBXProject section */

/* Begin PBXResourcesBuildPhase section */
		822DC7971F6FF7D600A0B21D /* Resources */ = {
			isa = PBXResourcesBuildPhase;
			buildActionMask = 2147483647;
			files = (
				822DC7AC1F6FF7D600A0B21D /* LaunchScreen.storyboard in Resources */,
				82E095C71F752DE700A04215 /* testVideo1.mp4 in Resources */,
				827241A31F7CDDD700906B9F /* IMG_0103.MOV in Resources */,
				822DC7A91F6FF7D600A0B21D /* Assets.xcassets in Resources */,
				822DC7A71F6FF7D600A0B21D /* Main.storyboard in Resources */,
				82B7115A1F74C24B00CB3D78 /* testVideo.mp4 in Resources */,
			);
			runOnlyForDeploymentPostprocessing = 0;
		};
		822DC7B01F6FF7D600A0B21D /* Resources */ = {
			isa = PBXResourcesBuildPhase;
			buildActionMask = 2147483647;
			files = (
			);
			runOnlyForDeploymentPostprocessing = 0;
		};
		822DC7BB1F6FF7D600A0B21D /* Resources */ = {
			isa = PBXResourcesBuildPhase;
			buildActionMask = 2147483647;
			files = (
			);
			runOnlyForDeploymentPostprocessing = 0;
		};
/* End PBXResourcesBuildPhase section */

/* Begin PBXShellScriptBuildPhase section */
		13BCD339BD450270C3303D8E /* [CP] Check Pods Manifest.lock */ = {
			isa = PBXShellScriptBuildPhase;
			buildActionMask = 2147483647;
			files = (
			);
			inputPaths = (
				"${PODS_PODFILE_DIR_PATH}/Podfile.lock",
				"${PODS_ROOT}/Manifest.lock",
			);
			name = "[CP] Check Pods Manifest.lock";
			outputPaths = (
				"$(DERIVED_FILE_DIR)/Pods-videoUITests-checkManifestLockResult.txt",
			);
			runOnlyForDeploymentPostprocessing = 0;
			shellPath = /bin/sh;
			shellScript = "diff \"${PODS_PODFILE_DIR_PATH}/Podfile.lock\" \"${PODS_ROOT}/Manifest.lock\" > /dev/null\nif [ $? != 0 ] ; then\n    # print error to STDERR\n    echo \"error: The sandbox is not in sync with the Podfile.lock. Run 'pod install' or update your CocoaPods installation.\" >&2\n    exit 1\nfi\n# This output is used by Xcode 'outputs' to avoid re-running this script phase.\necho \"SUCCESS\" > \"${SCRIPT_OUTPUT_FILE_0}\"\n";
			showEnvVarsInLog = 0;
		};
		374CA943843FF1B3A418D92A /* [CP] Embed Pods Frameworks */ = {
			isa = PBXShellScriptBuildPhase;
			buildActionMask = 2147483647;
			files = (
			);
			inputPaths = (
			);
			name = "[CP] Embed Pods Frameworks";
			outputPaths = (
			);
			runOnlyForDeploymentPostprocessing = 0;
			shellPath = /bin/sh;
			shellScript = "\"${SRCROOT}/Pods/Target Support Files/Pods-videoUITests/Pods-videoUITests-frameworks.sh\"\n";
			showEnvVarsInLog = 0;
		};
		3761D2BA991A64770B340F56 /* [CP] Copy Pods Resources */ = {
			isa = PBXShellScriptBuildPhase;
			buildActionMask = 2147483647;
			files = (
			);
			inputPaths = (
			);
			name = "[CP] Copy Pods Resources";
			outputPaths = (
			);
			runOnlyForDeploymentPostprocessing = 0;
			shellPath = /bin/sh;
			shellScript = "\"${SRCROOT}/Pods/Target Support Files/Pods-videoUITests/Pods-videoUITests-resources.sh\"\n";
			showEnvVarsInLog = 0;
		};
		4188F75BC52F15D266ECF51D /* [CP] Check Pods Manifest.lock */ = {
			isa = PBXShellScriptBuildPhase;
			buildActionMask = 2147483647;
			files = (
			);
			inputPaths = (
				"${PODS_PODFILE_DIR_PATH}/Podfile.lock",
				"${PODS_ROOT}/Manifest.lock",
			);
			name = "[CP] Check Pods Manifest.lock";
			outputPaths = (
				"$(DERIVED_FILE_DIR)/Pods-videoTests-checkManifestLockResult.txt",
			);
			runOnlyForDeploymentPostprocessing = 0;
			shellPath = /bin/sh;
			shellScript = "diff \"${PODS_PODFILE_DIR_PATH}/Podfile.lock\" \"${PODS_ROOT}/Manifest.lock\" > /dev/null\nif [ $? != 0 ] ; then\n    # print error to STDERR\n    echo \"error: The sandbox is not in sync with the Podfile.lock. Run 'pod install' or update your CocoaPods installation.\" >&2\n    exit 1\nfi\n# This output is used by Xcode 'outputs' to avoid re-running this script phase.\necho \"SUCCESS\" > \"${SCRIPT_OUTPUT_FILE_0}\"\n";
			showEnvVarsInLog = 0;
		};
		6C4C9FFA963537CC9F78C03E /* [CP] Embed Pods Frameworks */ = {
			isa = PBXShellScriptBuildPhase;
			buildActionMask = 2147483647;
			files = (
			);
			inputPaths = (
			);
			name = "[CP] Embed Pods Frameworks";
			outputPaths = (
			);
			runOnlyForDeploymentPostprocessing = 0;
			shellPath = /bin/sh;
			shellScript = "\"${SRCROOT}/Pods/Target Support Files/Pods-video/Pods-video-frameworks.sh\"\n";
			showEnvVarsInLog = 0;
		};
		8EDE44E785E6F664F6A43932 /* [CP] Embed Pods Frameworks */ = {
			isa = PBXShellScriptBuildPhase;
			buildActionMask = 2147483647;
			files = (
			);
			inputPaths = (
			);
			name = "[CP] Embed Pods Frameworks";
			outputPaths = (
			);
			runOnlyForDeploymentPostprocessing = 0;
			shellPath = /bin/sh;
			shellScript = "\"${SRCROOT}/Pods/Target Support Files/Pods-videoTests/Pods-videoTests-frameworks.sh\"\n";
			showEnvVarsInLog = 0;
		};
		A578B61A1D2517CF49B80AD9 /* [CP] Copy Pods Resources */ = {
			isa = PBXShellScriptBuildPhase;
			buildActionMask = 2147483647;
			files = (
			);
			inputPaths = (
				"${SRCROOT}/Pods/Target Support Files/Pods-video/Pods-video-resources.sh",
				"${PODS_ROOT}/GPUImage/framework/Resources/lookup.png",
				"${PODS_ROOT}/GPUImage/framework/Resources/lookup_amatorka.png",
				"${PODS_ROOT}/GPUImage/framework/Resources/lookup_miss_etikate.png",
				"${PODS_ROOT}/GPUImage/framework/Resources/lookup_soft_elegance_1.png",
				"${PODS_ROOT}/GPUImage/framework/Resources/lookup_soft_elegance_2.png",
				"${PODS_ROOT}/TZImagePickerController/TZImagePickerController/TZImagePickerController/TZImagePickerController.bundle",
			);
			name = "[CP] Copy Pods Resources";
			outputPaths = (
				"${TARGET_BUILD_DIR}/${UNLOCALIZED_RESOURCES_FOLDER_PATH}",
			);
			runOnlyForDeploymentPostprocessing = 0;
			shellPath = /bin/sh;
			shellScript = "\"${SRCROOT}/Pods/Target Support Files/Pods-video/Pods-video-resources.sh\"\n";
			showEnvVarsInLog = 0;
		};
		AE9E4028D330F40747C7A780 /* [CP] Copy Pods Resources */ = {
			isa = PBXShellScriptBuildPhase;
			buildActionMask = 2147483647;
			files = (
			);
			inputPaths = (
			);
			name = "[CP] Copy Pods Resources";
			outputPaths = (
			);
			runOnlyForDeploymentPostprocessing = 0;
			shellPath = /bin/sh;
			shellScript = "\"${SRCROOT}/Pods/Target Support Files/Pods-videoTests/Pods-videoTests-resources.sh\"\n";
			showEnvVarsInLog = 0;
		};
		E3C565DFD83BC73C2111B3A6 /* [CP] Check Pods Manifest.lock */ = {
			isa = PBXShellScriptBuildPhase;
			buildActionMask = 2147483647;
			files = (
			);
			inputPaths = (
				"${PODS_PODFILE_DIR_PATH}/Podfile.lock",
				"${PODS_ROOT}/Manifest.lock",
			);
			name = "[CP] Check Pods Manifest.lock";
			outputPaths = (
				"$(DERIVED_FILE_DIR)/Pods-video-checkManifestLockResult.txt",
			);
			runOnlyForDeploymentPostprocessing = 0;
			shellPath = /bin/sh;
			shellScript = "diff \"${PODS_PODFILE_DIR_PATH}/Podfile.lock\" \"${PODS_ROOT}/Manifest.lock\" > /dev/null\nif [ $? != 0 ] ; then\n    # print error to STDERR\n    echo \"error: The sandbox is not in sync with the Podfile.lock. Run 'pod install' or update your CocoaPods installation.\" >&2\n    exit 1\nfi\n# This output is used by Xcode 'outputs' to avoid re-running this script phase.\necho \"SUCCESS\" > \"${SCRIPT_OUTPUT_FILE_0}\"\n";
			showEnvVarsInLog = 0;
		};
/* End PBXShellScriptBuildPhase section */

/* Begin PBXSourcesBuildPhase section */
		822DC7951F6FF7D600A0B21D /* Sources */ = {
			isa = PBXSourcesBuildPhase;
			buildActionMask = 2147483647;
			files = (
				822DC7A41F6FF7D600A0B21D /* ViewController.m in Sources */,
				82B7112D1F74BA1A00CB3D78 /* UIImage+Enhancement.m in Sources */,
				82B711651F74F5BC00CB3D78 /* VTTailView.m in Sources */,
				82B710971F74B08300CB3D78 /* VTFileManager.m in Sources */,
				82BF09A01F72BE7700592E22 /* RecordVideoController.m in Sources */,
				82B7116A1F75081000CB3D78 /* VTTailWaterMarkView.m in Sources */,
				82BF09901F71789F00592E22 /* imageCell.m in Sources */,
				82B711331F74BA1A00CB3D78 /* UIImage+Tone.m in Sources */,
				829A61861F76CAEC009DA59A /* VTWaterMarkView.m in Sources */,
				82B7109A1F74B08300CB3D78 /* VTFileManager+FileName.m in Sources */,
				82B711301F74BA1A00CB3D78 /* UIImage+Resized.m in Sources */,
				82C0CBD21F74231F00E55584 /* HandlerVideo.m in Sources */,
				82B7112A1F74BA1A00CB3D78 /* UIImage+ColorImage.m in Sources */,
				82C0CBCF1F74231F00E55584 /* VideoFilterController.m in Sources */,
				822DC7A11F6FF7D600A0B21D /* AppDelegate.m in Sources */,
				82B7106D1F72346D00CB3D78 /* imagePickerLayout.m in Sources */,
				82BF09891F701F5C00592E22 /* myImagePickerViewController.m in Sources */,
				822DC79E1F6FF7D600A0B21D /* main.m in Sources */,
				82B711361F74BA1A00CB3D78 /* UIImage+VideoImage.m in Sources */,
			);
			runOnlyForDeploymentPostprocessing = 0;
		};
		822DC7AE1F6FF7D600A0B21D /* Sources */ = {
			isa = PBXSourcesBuildPhase;
			buildActionMask = 2147483647;
			files = (
				82BF098A1F701F5C00592E22 /* myImagePickerViewController.m in Sources */,
				82B711341F74BA1A00CB3D78 /* UIImage+Tone.m in Sources */,
				829A61871F76CAEC009DA59A /* VTWaterMarkView.m in Sources */,
				82B7106E1F72346D00CB3D78 /* imagePickerLayout.m in Sources */,
				822DC7B71F6FF7D600A0B21D /* videoTests.m in Sources */,
				82BF09A11F72BE7700592E22 /* RecordVideoController.m in Sources */,
				82B711661F74F5BC00CB3D78 /* VTTailView.m in Sources */,
				82B711311F74BA1A00CB3D78 /* UIImage+Resized.m in Sources */,
				82B7112E1F74BA1A00CB3D78 /* UIImage+Enhancement.m in Sources */,
				82C0CBD31F74231F00E55584 /* HandlerVideo.m in Sources */,
				82B7109B1F74B08300CB3D78 /* VTFileManager+FileName.m in Sources */,
				82B711371F74BA1A00CB3D78 /* UIImage+VideoImage.m in Sources */,
				82BF09911F71789F00592E22 /* imageCell.m in Sources */,
				82B7112B1F74BA1A00CB3D78 /* UIImage+ColorImage.m in Sources */,
				82B7116B1F75081000CB3D78 /* VTTailWaterMarkView.m in Sources */,
				82C0CBD01F74231F00E55584 /* VideoFilterController.m in Sources */,
				82B710981F74B08300CB3D78 /* VTFileManager.m in Sources */,
			);
			runOnlyForDeploymentPostprocessing = 0;
		};
		822DC7B91F6FF7D600A0B21D /* Sources */ = {
			isa = PBXSourcesBuildPhase;
			buildActionMask = 2147483647;
			files = (
				82BF098B1F701F5C00592E22 /* myImagePickerViewController.m in Sources */,
				82B711351F74BA1A00CB3D78 /* UIImage+Tone.m in Sources */,
				829A61881F76CAEC009DA59A /* VTWaterMarkView.m in Sources */,
				82B7106F1F72346D00CB3D78 /* imagePickerLayout.m in Sources */,
				822DC7C21F6FF7D600A0B21D /* videoUITests.m in Sources */,
				82BF09A21F72BE7700592E22 /* RecordVideoController.m in Sources */,
				82B711671F74F5BC00CB3D78 /* VTTailView.m in Sources */,
				82B711321F74BA1A00CB3D78 /* UIImage+Resized.m in Sources */,
				82B7112F1F74BA1A00CB3D78 /* UIImage+Enhancement.m in Sources */,
				82C0CBD41F74231F00E55584 /* HandlerVideo.m in Sources */,
				82B7109C1F74B08300CB3D78 /* VTFileManager+FileName.m in Sources */,
				82B711381F74BA1A00CB3D78 /* UIImage+VideoImage.m in Sources */,
				82BF09921F71789F00592E22 /* imageCell.m in Sources */,
				82B7112C1F74BA1A00CB3D78 /* UIImage+ColorImage.m in Sources */,
				82B7116C1F75081000CB3D78 /* VTTailWaterMarkView.m in Sources */,
				82C0CBD11F74231F00E55584 /* VideoFilterController.m in Sources */,
				82B710991F74B08300CB3D78 /* VTFileManager.m in Sources */,
			);
			runOnlyForDeploymentPostprocessing = 0;
		};
/* End PBXSourcesBuildPhase section */

/* Begin PBXTargetDependency section */
		822DC7B41F6FF7D600A0B21D /* PBXTargetDependency */ = {
			isa = PBXTargetDependency;
			target = 822DC7981F6FF7D600A0B21D /* video */;
			targetProxy = 822DC7B31F6FF7D600A0B21D /* PBXContainerItemProxy */;
		};
		822DC7BF1F6FF7D600A0B21D /* PBXTargetDependency */ = {
			isa = PBXTargetDependency;
			target = 822DC7981F6FF7D600A0B21D /* video */;
			targetProxy = 822DC7BE1F6FF7D600A0B21D /* PBXContainerItemProxy */;
		};
/* End PBXTargetDependency section */

/* Begin PBXVariantGroup section */
		822DC7A51F6FF7D600A0B21D /* Main.storyboard */ = {
			isa = PBXVariantGroup;
			children = (
				822DC7A61F6FF7D600A0B21D /* Base */,
			);
			name = Main.storyboard;
			sourceTree = "<group>";
		};
		822DC7AA1F6FF7D600A0B21D /* LaunchScreen.storyboard */ = {
			isa = PBXVariantGroup;
			children = (
				822DC7AB1F6FF7D600A0B21D /* Base */,
			);
			name = LaunchScreen.storyboard;
			sourceTree = "<group>";
		};
/* End PBXVariantGroup section */

/* Begin XCBuildConfiguration section */
		822DC7C41F6FF7D600A0B21D /* Debug */ = {
			isa = XCBuildConfiguration;
			buildSettings = {
				ALWAYS_SEARCH_USER_PATHS = NO;
				CLANG_ANALYZER_NONNULL = YES;
				CLANG_ANALYZER_NUMBER_OBJECT_CONVERSION = YES_AGGRESSIVE;
				CLANG_CXX_LANGUAGE_STANDARD = "gnu++0x";
				CLANG_CXX_LIBRARY = "libc++";
				CLANG_ENABLE_MODULES = YES;
				CLANG_ENABLE_OBJC_ARC = YES;
				CLANG_WARN_BOOL_CONVERSION = YES;
				CLANG_WARN_CONSTANT_CONVERSION = YES;
				CLANG_WARN_DIRECT_OBJC_ISA_USAGE = YES_ERROR;
				CLANG_WARN_DOCUMENTATION_COMMENTS = YES;
				CLANG_WARN_EMPTY_BODY = YES;
				CLANG_WARN_ENUM_CONVERSION = YES;
				CLANG_WARN_INFINITE_RECURSION = YES;
				CLANG_WARN_INT_CONVERSION = YES;
				CLANG_WARN_OBJC_ROOT_CLASS = YES_ERROR;
				CLANG_WARN_SUSPICIOUS_MOVE = YES;
				CLANG_WARN_UNREACHABLE_CODE = YES;
				CLANG_WARN__DUPLICATE_METHOD_MATCH = YES;
				"CODE_SIGN_IDENTITY[sdk=iphoneos*]" = "iPhone Developer";
				COPY_PHASE_STRIP = NO;
				DEBUG_INFORMATION_FORMAT = dwarf;
				ENABLE_STRICT_OBJC_MSGSEND = YES;
				ENABLE_TESTABILITY = YES;
				GCC_C_LANGUAGE_STANDARD = gnu99;
				GCC_DYNAMIC_NO_PIC = NO;
				GCC_NO_COMMON_BLOCKS = YES;
				GCC_OPTIMIZATION_LEVEL = 0;
				GCC_PREPROCESSOR_DEFINITIONS = (
					"DEBUG=1",
					"$(inherited)",
				);
				GCC_WARN_64_TO_32_BIT_CONVERSION = YES;
				GCC_WARN_ABOUT_RETURN_TYPE = YES_ERROR;
				GCC_WARN_UNDECLARED_SELECTOR = YES;
				GCC_WARN_UNINITIALIZED_AUTOS = YES_AGGRESSIVE;
				GCC_WARN_UNUSED_FUNCTION = YES;
				GCC_WARN_UNUSED_VARIABLE = YES;
				IPHONEOS_DEPLOYMENT_TARGET = 10.3;
				MTL_ENABLE_DEBUG_INFO = YES;
				ONLY_ACTIVE_ARCH = YES;
				SDKROOT = iphoneos;
				TARGETED_DEVICE_FAMILY = "1,2";
			};
			name = Debug;
		};
		822DC7C51F6FF7D600A0B21D /* Release */ = {
			isa = XCBuildConfiguration;
			buildSettings = {
				ALWAYS_SEARCH_USER_PATHS = NO;
				CLANG_ANALYZER_NONNULL = YES;
				CLANG_ANALYZER_NUMBER_OBJECT_CONVERSION = YES_AGGRESSIVE;
				CLANG_CXX_LANGUAGE_STANDARD = "gnu++0x";
				CLANG_CXX_LIBRARY = "libc++";
				CLANG_ENABLE_MODULES = YES;
				CLANG_ENABLE_OBJC_ARC = YES;
				CLANG_WARN_BOOL_CONVERSION = YES;
				CLANG_WARN_CONSTANT_CONVERSION = YES;
				CLANG_WARN_DIRECT_OBJC_ISA_USAGE = YES_ERROR;
				CLANG_WARN_DOCUMENTATION_COMMENTS = YES;
				CLANG_WARN_EMPTY_BODY = YES;
				CLANG_WARN_ENUM_CONVERSION = YES;
				CLANG_WARN_INFINITE_RECURSION = YES;
				CLANG_WARN_INT_CONVERSION = YES;
				CLANG_WARN_OBJC_ROOT_CLASS = YES_ERROR;
				CLANG_WARN_SUSPICIOUS_MOVE = YES;
				CLANG_WARN_UNREACHABLE_CODE = YES;
				CLANG_WARN__DUPLICATE_METHOD_MATCH = YES;
				"CODE_SIGN_IDENTITY[sdk=iphoneos*]" = "iPhone Developer";
				COPY_PHASE_STRIP = NO;
				DEBUG_INFORMATION_FORMAT = "dwarf-with-dsym";
				ENABLE_NS_ASSERTIONS = NO;
				ENABLE_STRICT_OBJC_MSGSEND = YES;
				GCC_C_LANGUAGE_STANDARD = gnu99;
				GCC_NO_COMMON_BLOCKS = YES;
				GCC_WARN_64_TO_32_BIT_CONVERSION = YES;
				GCC_WARN_ABOUT_RETURN_TYPE = YES_ERROR;
				GCC_WARN_UNDECLARED_SELECTOR = YES;
				GCC_WARN_UNINITIALIZED_AUTOS = YES_AGGRESSIVE;
				GCC_WARN_UNUSED_FUNCTION = YES;
				GCC_WARN_UNUSED_VARIABLE = YES;
				IPHONEOS_DEPLOYMENT_TARGET = 10.3;
				MTL_ENABLE_DEBUG_INFO = NO;
				SDKROOT = iphoneos;
				TARGETED_DEVICE_FAMILY = "1,2";
				VALIDATE_PRODUCT = YES;
			};
			name = Release;
		};
		822DC7C71F6FF7D600A0B21D /* Debug */ = {
			isa = XCBuildConfiguration;
			baseConfigurationReference = 766EDB7004CCE4589B4F8D9B /* Pods-video.debug.xcconfig */;
			buildSettings = {
				ASSETCATALOG_COMPILER_APPICON_NAME = AppIcon;
				DEVELOPMENT_TEAM = 9X5SZM9LV5;
				INFOPLIST_FILE = video/Info.plist;
				LD_RUNPATH_SEARCH_PATHS = "$(inherited) @executable_path/Frameworks";
				PRODUCT_BUNDLE_IDENTIFIER = "lxz-.cp.video";
				PRODUCT_NAME = "$(TARGET_NAME)";
			};
			name = Debug;
		};
		822DC7C81F6FF7D600A0B21D /* Release */ = {
			isa = XCBuildConfiguration;
			baseConfigurationReference = 4B8C65EE3A7F57EF30CA5544 /* Pods-video.release.xcconfig */;
			buildSettings = {
				ASSETCATALOG_COMPILER_APPICON_NAME = AppIcon;
				DEVELOPMENT_TEAM = 9X5SZM9LV5;
				INFOPLIST_FILE = video/Info.plist;
				LD_RUNPATH_SEARCH_PATHS = "$(inherited) @executable_path/Frameworks";
				PRODUCT_BUNDLE_IDENTIFIER = "lxz-.cp.video";
				PRODUCT_NAME = "$(TARGET_NAME)";
			};
			name = Release;
		};
		822DC7CA1F6FF7D600A0B21D /* Debug */ = {
			isa = XCBuildConfiguration;
			baseConfigurationReference = 664CB01A3C0DCF6346B1CAAD /* Pods-videoTests.debug.xcconfig */;
			buildSettings = {
				BUNDLE_LOADER = "$(TEST_HOST)";
				INFOPLIST_FILE = videoTests/Info.plist;
				LD_RUNPATH_SEARCH_PATHS = "$(inherited) @executable_path/Frameworks @loader_path/Frameworks";
				PRODUCT_BUNDLE_IDENTIFIER = "lxz-.cp.videoTests";
				PRODUCT_NAME = "$(TARGET_NAME)";
				TEST_HOST = "$(BUILT_PRODUCTS_DIR)/video.app/video";
			};
			name = Debug;
		};
		822DC7CB1F6FF7D600A0B21D /* Release */ = {
			isa = XCBuildConfiguration;
			baseConfigurationReference = 5799B281BA2F550CEF8CC738 /* Pods-videoTests.release.xcconfig */;
			buildSettings = {
				BUNDLE_LOADER = "$(TEST_HOST)";
				INFOPLIST_FILE = videoTests/Info.plist;
				LD_RUNPATH_SEARCH_PATHS = "$(inherited) @executable_path/Frameworks @loader_path/Frameworks";
				PRODUCT_BUNDLE_IDENTIFIER = "lxz-.cp.videoTests";
				PRODUCT_NAME = "$(TARGET_NAME)";
				TEST_HOST = "$(BUILT_PRODUCTS_DIR)/video.app/video";
			};
			name = Release;
		};
		822DC7CD1F6FF7D600A0B21D /* Debug */ = {
			isa = XCBuildConfiguration;
			baseConfigurationReference = 9BE15468D3329503C2B87BD0 /* Pods-videoUITests.debug.xcconfig */;
			buildSettings = {
				INFOPLIST_FILE = videoUITests/Info.plist;
				LD_RUNPATH_SEARCH_PATHS = "$(inherited) @executable_path/Frameworks @loader_path/Frameworks";
				PRODUCT_BUNDLE_IDENTIFIER = "lxz-.cp.videoUITests";
				PRODUCT_NAME = "$(TARGET_NAME)";
				TEST_TARGET_NAME = video;
			};
			name = Debug;
		};
		822DC7CE1F6FF7D600A0B21D /* Release */ = {
			isa = XCBuildConfiguration;
			baseConfigurationReference = 162CD20DED4922A339B5FD21 /* Pods-videoUITests.release.xcconfig */;
			buildSettings = {
				INFOPLIST_FILE = videoUITests/Info.plist;
				LD_RUNPATH_SEARCH_PATHS = "$(inherited) @executable_path/Frameworks @loader_path/Frameworks";
				PRODUCT_BUNDLE_IDENTIFIER = "lxz-.cp.videoUITests";
				PRODUCT_NAME = "$(TARGET_NAME)";
				TEST_TARGET_NAME = video;
			};
			name = Release;
		};
/* End XCBuildConfiguration section */

/* Begin XCConfigurationList section */
		822DC7941F6FF7D600A0B21D /* Build configuration list for PBXProject "video" */ = {
			isa = XCConfigurationList;
			buildConfigurations = (
				822DC7C41F6FF7D600A0B21D /* Debug */,
				822DC7C51F6FF7D600A0B21D /* Release */,
			);
			defaultConfigurationIsVisible = 0;
			defaultConfigurationName = Release;
		};
		822DC7C61F6FF7D600A0B21D /* Build configuration list for PBXNativeTarget "video" */ = {
			isa = XCConfigurationList;
			buildConfigurations = (
				822DC7C71F6FF7D600A0B21D /* Debug */,
				822DC7C81F6FF7D600A0B21D /* Release */,
			);
			defaultConfigurationIsVisible = 0;
			defaultConfigurationName = Release;
		};
		822DC7C91F6FF7D600A0B21D /* Build configuration list for PBXNativeTarget "videoTests" */ = {
			isa = XCConfigurationList;
			buildConfigurations = (
				822DC7CA1F6FF7D600A0B21D /* Debug */,
				822DC7CB1F6FF7D600A0B21D /* Release */,
			);
			defaultConfigurationIsVisible = 0;
			defaultConfigurationName = Release;
		};
		822DC7CC1F6FF7D600A0B21D /* Build configuration list for PBXNativeTarget "videoUITests" */ = {
			isa = XCConfigurationList;
			buildConfigurations = (
				822DC7CD1F6FF7D600A0B21D /* Debug */,
				822DC7CE1F6FF7D600A0B21D /* Release */,
			);
			defaultConfigurationIsVisible = 0;
			defaultConfigurationName = Release;
		};
/* End XCConfigurationList section */
	};
	rootObject = 822DC7911F6FF7D600A0B21D /* Project object */;
}
